[root]
name = "rdkafka"
version = "0.1.0"
dependencies = [
 "libc 0.2.17 (registry+https://github.com/rust-lang/crates.io-index)",
 "librdkafka-sys 0.1.0",
]

[[package]]
name = "libc"
version = "0.2.17"
source = "registry+https://github.com/rust-lang/crates.io-index"

[[package]]
name = "librdkafka-sys"
version = "0.1.0"
dependencies = [
 "num_cpus 0.2.13 (registry+https://github.com/rust-lang/crates.io-index)",
]

[[package]]
name = "num_cpus"
version = "0.2.13"
source = "registry+https://github.com/rust-lang/crates.io-index"
dependencies = [
 "libc 0.2.17 (registry+https://github.com/rust-lang/crates.io-index)",
]

